// !$*UTF8*$!
{
	archiveVersion = 1;
	classes = {
	};
	objectVersion = 46;
	objects = {

/* Begin PBXBuildFile section */
		A04A4EA899AECF44424C5BFA /* Pods_PhoneToWatchGesture_WatchKit_Extension.framework in Frameworks */ = {isa = PBXBuildFile; fileRef = DFEEAD1F616FA010DB9FE0C2 /* Pods_PhoneToWatchGesture_WatchKit_Extension.framework */; };
		B27895B51D792FFF0099A96B /* AppDelegate.swift in Sources */ = {isa = PBXBuildFile; fileRef = B27895B41D792FFF0099A96B /* AppDelegate.swift */; };
		B27895B71D792FFF0099A96B /* ViewController.swift in Sources */ = {isa = PBXBuildFile; fileRef = B27895B61D792FFF0099A96B /* ViewController.swift */; };
		B27895BA1D7930000099A96B /* Main.storyboard in Resources */ = {isa = PBXBuildFile; fileRef = B27895B81D7930000099A96B /* Main.storyboard */; };
		B27895BC1D7930000099A96B /* Assets.xcassets in Resources */ = {isa = PBXBuildFile; fileRef = B27895BB1D7930000099A96B /* Assets.xcassets */; };
		B27895BF1D7930000099A96B /* LaunchScreen.storyboard in Resources */ = {isa = PBXBuildFile; fileRef = B27895BD1D7930000099A96B /* LaunchScreen.storyboard */; };
		B27895C41D7930000099A96B /* PhoneToWatchGesture WatchKit App.app in Embed Watch Content */ = {isa = PBXBuildFile; fileRef = B27895C31D7930000099A96B /* PhoneToWatchGesture WatchKit App.app */; };
		B27895CA1D7930000099A96B /* Interface.storyboard in Resources */ = {isa = PBXBuildFile; fileRef = B27895C81D7930000099A96B /* Interface.storyboard */; };
		B27895CC1D7930000099A96B /* Assets.xcassets in Resources */ = {isa = PBXBuildFile; fileRef = B27895CB1D7930000099A96B /* Assets.xcassets */; };
		B27895D31D7930000099A96B /* PhoneToWatchGesture WatchKit Extension.appex in Embed App Extensions */ = {isa = PBXBuildFile; fileRef = B27895D21D7930000099A96B /* PhoneToWatchGesture WatchKit Extension.appex */; settings = {ATTRIBUTES = (RemoveHeadersOnCopy, ); }; };
		B27895D81D7930000099A96B /* InterfaceController.swift in Sources */ = {isa = PBXBuildFile; fileRef = B27895D71D7930000099A96B /* InterfaceController.swift */; };
		B27895DA1D7930000099A96B /* ExtensionDelegate.swift in Sources */ = {isa = PBXBuildFile; fileRef = B27895D91D7930000099A96B /* ExtensionDelegate.swift */; };
		B27895DC1D7930000099A96B /* Assets.xcassets in Resources */ = {isa = PBXBuildFile; fileRef = B27895DB1D7930000099A96B /* Assets.xcassets */; };
		C9FF5FAD0D624B2E4838B555 /* Pods_PhoneToWatchGesture.framework in Frameworks */ = {isa = PBXBuildFile; fileRef = 19F02536233E1C3BD6D9DBB4 /* Pods_PhoneToWatchGesture.framework */; };
		F6EAEE92E78E0500FAC1D1C8 /* Pods_PhoneToWatchGesture_WatchKit_App.framework in Frameworks */ = {isa = PBXBuildFile; fileRef = ED36F53FA8058D7FE052EB0E /* Pods_PhoneToWatchGesture_WatchKit_App.framework */; };
/* End PBXBuildFile section */

/* Begin PBXContainerItemProxy section */
		B27895C51D7930000099A96B /* PBXContainerItemProxy */ = {
			isa = PBXContainerItemProxy;
			containerPortal = B27895A91D792FFF0099A96B /* Project object */;
			proxyType = 1;
			remoteGlobalIDString = B27895C21D7930000099A96B;
			remoteInfo = "PhoneToWatchGesture WatchKit App";
		};
		B27895D41D7930000099A96B /* PBXContainerItemProxy */ = {
			isa = PBXContainerItemProxy;
			containerPortal = B27895A91D792FFF0099A96B /* Project object */;
			proxyType = 1;
			remoteGlobalIDString = B27895D11D7930000099A96B;
			remoteInfo = "PhoneToWatchGesture WatchKit Extension";
		};
/* End PBXContainerItemProxy section */

/* Begin PBXCopyFilesBuildPhase section */
		B27895E31D7930000099A96B /* Embed App Extensions */ = {
			isa = PBXCopyFilesBuildPhase;
			buildActionMask = 2147483647;
			dstPath = "";
			dstSubfolderSpec = 13;
			files = (
				B27895D31D7930000099A96B /* PhoneToWatchGesture WatchKit Extension.appex in Embed App Extensions */,
			);
			name = "Embed App Extensions";
			runOnlyForDeploymentPostprocessing = 0;
		};
		B27895E71D7930000099A96B /* Embed Watch Content */ = {
			isa = PBXCopyFilesBuildPhase;
			buildActionMask = 2147483647;
			dstPath = "$(CONTENTS_FOLDER_PATH)/Watch";
			dstSubfolderSpec = 16;
			files = (
				B27895C41D7930000099A96B /* PhoneToWatchGesture WatchKit App.app in Embed Watch Content */,
			);
			name = "Embed Watch Content";
			runOnlyForDeploymentPostprocessing = 0;
		};
/* End PBXCopyFilesBuildPhase section */

/* Begin PBXFileReference section */
		0D08D7ED3639389F36602BEB /* Pods-PhoneToWatchGesture WatchKit App.release.xcconfig */ = {isa = PBXFileReference; includeInIndex = 1; lastKnownFileType = text.xcconfig; name = "Pods-PhoneToWatchGesture WatchKit App.release.xcconfig"; path = "Pods/Target Support Files/Pods-PhoneToWatchGesture WatchKit App/Pods-PhoneToWatchGesture WatchKit App.release.xcconfig"; sourceTree = "<group>"; };
		19F02536233E1C3BD6D9DBB4 /* Pods_PhoneToWatchGesture.framework */ = {isa = PBXFileReference; explicitFileType = wrapper.framework; includeInIndex = 0; path = Pods_PhoneToWatchGesture.framework; sourceTree = BUILT_PRODUCTS_DIR; };
		2FCAA93842AEB533C81C482F /* Pods-PhoneToWatchGesture WatchKit App.debug.xcconfig */ = {isa = PBXFileReference; includeInIndex = 1; lastKnownFileType = text.xcconfig; name = "Pods-PhoneToWatchGesture WatchKit App.debug.xcconfig"; path = "Pods/Target Support Files/Pods-PhoneToWatchGesture WatchKit App/Pods-PhoneToWatchGesture WatchKit App.debug.xcconfig"; sourceTree = "<group>"; };
		3329460BCB778DD66677B785 /* Pods-PhoneToWatchGesture WatchKit Extension.debug.xcconfig */ = {isa = PBXFileReference; includeInIndex = 1; lastKnownFileType = text.xcconfig; name = "Pods-PhoneToWatchGesture WatchKit Extension.debug.xcconfig"; path = "Pods/Target Support Files/Pods-PhoneToWatchGesture WatchKit Extension/Pods-PhoneToWatchGesture WatchKit Extension.debug.xcconfig"; sourceTree = "<group>"; };
		73C983B3E86AC985D36C7F0F /* Pods-PhoneToWatchGesture.debug.xcconfig */ = {isa = PBXFileReference; includeInIndex = 1; lastKnownFileType = text.xcconfig; name = "Pods-PhoneToWatchGesture.debug.xcconfig"; path = "Pods/Target Support Files/Pods-PhoneToWatchGesture/Pods-PhoneToWatchGesture.debug.xcconfig"; sourceTree = "<group>"; };
		B27895B11D792FFF0099A96B /* PhoneToWatchGesture.app */ = {isa = PBXFileReference; explicitFileType = wrapper.application; includeInIndex = 0; path = PhoneToWatchGesture.app; sourceTree = BUILT_PRODUCTS_DIR; };
		B27895B41D792FFF0099A96B /* AppDelegate.swift */ = {isa = PBXFileReference; lastKnownFileType = sourcecode.swift; path = AppDelegate.swift; sourceTree = "<group>"; };
		B27895B61D792FFF0099A96B /* ViewController.swift */ = {isa = PBXFileReference; lastKnownFileType = sourcecode.swift; path = ViewController.swift; sourceTree = "<group>"; };
		B27895B91D7930000099A96B /* Base */ = {isa = PBXFileReference; lastKnownFileType = file.storyboard; name = Base; path = Base.lproj/Main.storyboard; sourceTree = "<group>"; };
		B27895BB1D7930000099A96B /* Assets.xcassets */ = {isa = PBXFileReference; lastKnownFileType = folder.assetcatalog; path = Assets.xcassets; sourceTree = "<group>"; };
		B27895BE1D7930000099A96B /* Base */ = {isa = PBXFileReference; lastKnownFileType = file.storyboard; name = Base; path = Base.lproj/LaunchScreen.storyboard; sourceTree = "<group>"; };
		B27895C01D7930000099A96B /* Info.plist */ = {isa = PBXFileReference; lastKnownFileType = text.plist.xml; path = Info.plist; sourceTree = "<group>"; };
		B27895C31D7930000099A96B /* PhoneToWatchGesture WatchKit App.app */ = {isa = PBXFileReference; explicitFileType = wrapper.application; includeInIndex = 0; path = "PhoneToWatchGesture WatchKit App.app"; sourceTree = BUILT_PRODUCTS_DIR; };
		B27895C91D7930000099A96B /* Base */ = {isa = PBXFileReference; lastKnownFileType = file.storyboard; name = Base; path = Base.lproj/Interface.storyboard; sourceTree = "<group>"; };
		B27895CB1D7930000099A96B /* Assets.xcassets */ = {isa = PBXFileReference; lastKnownFileType = folder.assetcatalog; name = Assets.xcassets; path = "../PhoneToWatchGesture WatchKit App/Assets.xcassets"; sourceTree = "<group>"; };
		B27895CD1D7930000099A96B /* Info.plist */ = {isa = PBXFileReference; lastKnownFileType = text.plist.xml; path = Info.plist; sourceTree = "<group>"; };
		B27895D21D7930000099A96B /* PhoneToWatchGesture WatchKit Extension.appex */ = {isa = PBXFileReference; explicitFileType = "wrapper.app-extension"; includeInIndex = 0; path = "PhoneToWatchGesture WatchKit Extension.appex"; sourceTree = BUILT_PRODUCTS_DIR; };
		B27895D71D7930000099A96B /* InterfaceController.swift */ = {isa = PBXFileReference; lastKnownFileType = sourcecode.swift; path = InterfaceController.swift; sourceTree = "<group>"; };
		B27895D91D7930000099A96B /* ExtensionDelegate.swift */ = {isa = PBXFileReference; lastKnownFileType = sourcecode.swift; path = ExtensionDelegate.swift; sourceTree = "<group>"; };
		B27895DB1D7930000099A96B /* Assets.xcassets */ = {isa = PBXFileReference; lastKnownFileType = folder.assetcatalog; name = Assets.xcassets; path = "../PhoneToWatchGesture WatchKit Extension/Assets.xcassets"; sourceTree = "<group>"; };
		B27895DD1D7930000099A96B /* Info.plist */ = {isa = PBXFileReference; lastKnownFileType = text.plist.xml; path = Info.plist; sourceTree = "<group>"; };
		D169A9AF87DD96729C380E80 /* Pods-PhoneToWatchGesture.release.xcconfig */ = {isa = PBXFileReference; includeInIndex = 1; lastKnownFileType = text.xcconfig; name = "Pods-PhoneToWatchGesture.release.xcconfig"; path = "Pods/Target Support Files/Pods-PhoneToWatchGesture/Pods-PhoneToWatchGesture.release.xcconfig"; sourceTree = "<group>"; };
		DFEEAD1F616FA010DB9FE0C2 /* Pods_PhoneToWatchGesture_WatchKit_Extension.framework */ = {isa = PBXFileReference; explicitFileType = wrapper.framework; includeInIndex = 0; path = Pods_PhoneToWatchGesture_WatchKit_Extension.framework; sourceTree = BUILT_PRODUCTS_DIR; };
		ED36F53FA8058D7FE052EB0E /* Pods_PhoneToWatchGesture_WatchKit_App.framework */ = {isa = PBXFileReference; explicitFileType = wrapper.framework; includeInIndex = 0; path = Pods_PhoneToWatchGesture_WatchKit_App.framework; sourceTree = BUILT_PRODUCTS_DIR; };
		EE66DAB8BEA97601B0C354EB /* Pods-PhoneToWatchGesture WatchKit Extension.release.xcconfig */ = {isa = PBXFileReference; includeInIndex = 1; lastKnownFileType = text.xcconfig; name = "Pods-PhoneToWatchGesture WatchKit Extension.release.xcconfig"; path = "Pods/Target Support Files/Pods-PhoneToWatchGesture WatchKit Extension/Pods-PhoneToWatchGesture WatchKit Extension.release.xcconfig"; sourceTree = "<group>"; };
/* End PBXFileReference section */

/* Begin PBXFrameworksBuildPhase section */
		B27895AE1D792FFF0099A96B /* Frameworks */ = {
			isa = PBXFrameworksBuildPhase;
			buildActionMask = 2147483647;
			files = (
				C9FF5FAD0D624B2E4838B555 /* Pods_PhoneToWatchGesture.framework in Frameworks */,
			);
			runOnlyForDeploymentPostprocessing = 0;
		};
		B27895CF1D7930000099A96B /* Frameworks */ = {
			isa = PBXFrameworksBuildPhase;
			buildActionMask = 2147483647;
			files = (
				A04A4EA899AECF44424C5BFA /* Pods_PhoneToWatchGesture_WatchKit_Extension.framework in Frameworks */,
			);
			runOnlyForDeploymentPostprocessing = 0;
		};
		E42765120C12A3B85891B2CE /* Frameworks */ = {
			isa = PBXFrameworksBuildPhase;
			buildActionMask = 2147483647;
			files = (
				F6EAEE92E78E0500FAC1D1C8 /* Pods_PhoneToWatchGesture_WatchKit_App.framework in Frameworks */,
			);
			runOnlyForDeploymentPostprocessing = 0;
		};
/* End PBXFrameworksBuildPhase section */

/* Begin PBXGroup section */
		0958766F740B8AC0904B4D56 /* Frameworks */ = {
			isa = PBXGroup;
			children = (
				19F02536233E1C3BD6D9DBB4 /* Pods_PhoneToWatchGesture.framework */,
				ED36F53FA8058D7FE052EB0E /* Pods_PhoneToWatchGesture_WatchKit_App.framework */,
				DFEEAD1F616FA010DB9FE0C2 /* Pods_PhoneToWatchGesture_WatchKit_Extension.framework */,
			);
			name = Frameworks;
			sourceTree = "<group>";
		};
		B27895A81D792FFF0099A96B = {
			isa = PBXGroup;
			children = (
				B27895B31D792FFF0099A96B /* PhoneToWatchGesture */,
				B27895C71D7930000099A96B /* PhoneToWatchGesture WatchKit App */,
				B27895D61D7930000099A96B /* PhoneToWatchGesture WatchKit Extension */,
				B27895B21D792FFF0099A96B /* Products */,
				DD0B04B1CD31171F1FB82CDE /* Pods */,
				0958766F740B8AC0904B4D56 /* Frameworks */,
			);
			sourceTree = "<group>";
		};
		B27895B21D792FFF0099A96B /* Products */ = {
			isa = PBXGroup;
			children = (
				B27895B11D792FFF0099A96B /* PhoneToWatchGesture.app */,
				B27895C31D7930000099A96B /* PhoneToWatchGesture WatchKit App.app */,
				B27895D21D7930000099A96B /* PhoneToWatchGesture WatchKit Extension.appex */,
			);
			name = Products;
			sourceTree = "<group>";
		};
		B27895B31D792FFF0099A96B /* PhoneToWatchGesture */ = {
			isa = PBXGroup;
			children = (
				B27895B41D792FFF0099A96B /* AppDelegate.swift */,
				B27895B61D792FFF0099A96B /* ViewController.swift */,
				B27895B81D7930000099A96B /* Main.storyboard */,
				B27895BB1D7930000099A96B /* Assets.xcassets */,
				B27895BD1D7930000099A96B /* LaunchScreen.storyboard */,
				B27895C01D7930000099A96B /* Info.plist */,
			);
			path = PhoneToWatchGesture;
			sourceTree = "<group>";
		};
		B27895C71D7930000099A96B /* PhoneToWatchGesture WatchKit App */ = {
			isa = PBXGroup;
			children = (
				B27895C81D7930000099A96B /* Interface.storyboard */,
				B27895DB1D7930000099A96B /* Assets.xcassets */,
				B27895CD1D7930000099A96B /* Info.plist */,
			);
			path = "PhoneToWatchGesture WatchKit App";
			sourceTree = "<group>";
		};
		B27895D61D7930000099A96B /* PhoneToWatchGesture WatchKit Extension */ = {
			isa = PBXGroup;
			children = (
				B27895D71D7930000099A96B /* InterfaceController.swift */,
				B27895D91D7930000099A96B /* ExtensionDelegate.swift */,
				B27895CB1D7930000099A96B /* Assets.xcassets */,
				B27895DD1D7930000099A96B /* Info.plist */,
			);
			path = "PhoneToWatchGesture WatchKit Extension";
			sourceTree = "<group>";
		};
		DD0B04B1CD31171F1FB82CDE /* Pods */ = {
			isa = PBXGroup;
			children = (
				73C983B3E86AC985D36C7F0F /* Pods-PhoneToWatchGesture.debug.xcconfig */,
				D169A9AF87DD96729C380E80 /* Pods-PhoneToWatchGesture.release.xcconfig */,
				2FCAA93842AEB533C81C482F /* Pods-PhoneToWatchGesture WatchKit App.debug.xcconfig */,
				0D08D7ED3639389F36602BEB /* Pods-PhoneToWatchGesture WatchKit App.release.xcconfig */,
				3329460BCB778DD66677B785 /* Pods-PhoneToWatchGesture WatchKit Extension.debug.xcconfig */,
				EE66DAB8BEA97601B0C354EB /* Pods-PhoneToWatchGesture WatchKit Extension.release.xcconfig */,
			);
			name = Pods;
			sourceTree = "<group>";
		};
/* End PBXGroup section */

/* Begin PBXNativeTarget section */
		B27895B01D792FFF0099A96B /* PhoneToWatchGesture */ = {
			isa = PBXNativeTarget;
			buildConfigurationList = B27895E81D7930000099A96B /* Build configuration list for PBXNativeTarget "PhoneToWatchGesture" */;
			buildPhases = (
				A59F34F4F09B45ABEFD72847 /* [CP] Check Pods Manifest.lock */,
				B27895AD1D792FFF0099A96B /* Sources */,
				B27895AE1D792FFF0099A96B /* Frameworks */,
				B27895AF1D792FFF0099A96B /* Resources */,
				B27895E71D7930000099A96B /* Embed Watch Content */,
				23309F500C4578A0887BD3E5 /* [CP] Embed Pods Frameworks */,
				0083DF30B24C6F702E75CA6C /* [CP] Copy Pods Resources */,
			);
			buildRules = (
			);
			dependencies = (
				B27895C61D7930000099A96B /* PBXTargetDependency */,
			);
			name = PhoneToWatchGesture;
			productName = PhoneToWatchGesture;
			productReference = B27895B11D792FFF0099A96B /* PhoneToWatchGesture.app */;
			productType = "com.apple.product-type.application";
		};
		B27895C21D7930000099A96B /* PhoneToWatchGesture WatchKit App */ = {
			isa = PBXNativeTarget;
			buildConfigurationList = B27895E41D7930000099A96B /* Build configuration list for PBXNativeTarget "PhoneToWatchGesture WatchKit App" */;
			buildPhases = (
				491DB2023984BABC3A70C535 /* [CP] Check Pods Manifest.lock */,
				B27895C11D7930000099A96B /* Resources */,
				B27895E31D7930000099A96B /* Embed App Extensions */,
				E42765120C12A3B85891B2CE /* Frameworks */,
				3B9A9FEF7C1E641FC0ED6DA8 /* [CP] Copy Pods Resources */,
			);
			buildRules = (
			);
			dependencies = (
				B27895D51D7930000099A96B /* PBXTargetDependency */,
			);
			name = "PhoneToWatchGesture WatchKit App";
			productName = "PhoneToWatchGesture WatchKit App";
			productReference = B27895C31D7930000099A96B /* PhoneToWatchGesture WatchKit App.app */;
			productType = "com.apple.product-type.application.watchapp2";
		};
		B27895D11D7930000099A96B /* PhoneToWatchGesture WatchKit Extension */ = {
			isa = PBXNativeTarget;
			buildConfigurationList = B27895E01D7930000099A96B /* Build configuration list for PBXNativeTarget "PhoneToWatchGesture WatchKit Extension" */;
			buildPhases = (
				CBFA8129555613B23F86B2DE /* [CP] Check Pods Manifest.lock */,
				B27895CE1D7930000099A96B /* Sources */,
				B27895CF1D7930000099A96B /* Frameworks */,
				B27895D01D7930000099A96B /* Resources */,
				12E0B547FFA1BC81F752541E /* [CP] Embed Pods Frameworks */,
				CA49AD3300CDF5ACE3A54462 /* [CP] Copy Pods Resources */,
			);
			buildRules = (
			);
			dependencies = (
			);
			name = "PhoneToWatchGesture WatchKit Extension";
			productName = "PhoneToWatchGesture WatchKit Extension";
			productReference = B27895D21D7930000099A96B /* PhoneToWatchGesture WatchKit Extension.appex */;
			productType = "com.apple.product-type.watchkit2-extension";
		};
/* End PBXNativeTarget section */

/* Begin PBXProject section */
		B27895A91D792FFF0099A96B /* Project object */ = {
			isa = PBXProject;
			attributes = {
				LastSwiftUpdateCheck = 0730;
				LastUpgradeCheck = 0730;
				ORGANIZATIONNAME = Derivative;
				TargetAttributes = {
					B27895B01D792FFF0099A96B = {
						CreatedOnToolsVersion = 7.3.1;
					};
					B27895C21D7930000099A96B = {
						CreatedOnToolsVersion = 7.3.1;
					};
					B27895D11D7930000099A96B = {
						CreatedOnToolsVersion = 7.3.1;
					};
				};
			};
			buildConfigurationList = B27895AC1D792FFF0099A96B /* Build configuration list for PBXProject "PhoneToWatchGesture" */;
			compatibilityVersion = "Xcode 3.2";
			developmentRegion = English;
			hasScannedForEncodings = 0;
			knownRegions = (
				en,
				Base,
			);
			mainGroup = B27895A81D792FFF0099A96B;
			productRefGroup = B27895B21D792FFF0099A96B /* Products */;
			projectDirPath = "";
			projectRoot = "";
			targets = (
				B27895B01D792FFF0099A96B /* PhoneToWatchGesture */,
				B27895C21D7930000099A96B /* PhoneToWatchGesture WatchKit App */,
				B27895D11D7930000099A96B /* PhoneToWatchGesture WatchKit Extension */,
			);
		};
/* End PBXProject section */

/* Begin PBXResourcesBuildPhase section */
		B27895AF1D792FFF0099A96B /* Resources */ = {
			isa = PBXResourcesBuildPhase;
			buildActionMask = 2147483647;
			files = (
				B27895BF1D7930000099A96B /* LaunchScreen.storyboard in Resources */,
				B27895BC1D7930000099A96B /* Assets.xcassets in Resources */,
				B27895BA1D7930000099A96B /* Main.storyboard in Resources */,
			);
			runOnlyForDeploymentPostprocessing = 0;
		};
		B27895C11D7930000099A96B /* Resources */ = {
			isa = PBXResourcesBuildPhase;
			buildActionMask = 2147483647;
			files = (
				B27895CC1D7930000099A96B /* Assets.xcassets in Resources */,
				B27895CA1D7930000099A96B /* Interface.storyboard in Resources */,
			);
			runOnlyForDeploymentPostprocessing = 0;
		};
		B27895D01D7930000099A96B /* Resources */ = {
			isa = PBXResourcesBuildPhase;
			buildActionMask = 2147483647;
			files = (
				B27895DC1D7930000099A96B /* Assets.xcassets in Resources */,
			);
			runOnlyForDeploymentPostprocessing = 0;
		};
/* End PBXResourcesBuildPhase section */

/* Begin PBXShellScriptBuildPhase section */
		0083DF30B24C6F702E75CA6C /* [CP] Copy Pods Resources */ = {
			isa = PBXShellScriptBuildPhase;
			buildActionMask = 2147483647;
			files = (
			);
			inputPaths = (
			);
			name = "[CP] Copy Pods Resources";
			outputPaths = (
			);
			runOnlyForDeploymentPostprocessing = 0;
			shellPath = /bin/sh;
			shellScript = "\"${SRCROOT}/Pods/Target Support Files/Pods-PhoneToWatchGesture/Pods-PhoneToWatchGesture-resources.sh\"\n";
			showEnvVarsInLog = 0;
		};
		12E0B547FFA1BC81F752541E /* [CP] Embed Pods Frameworks */ = {
			isa = PBXShellScriptBuildPhase;
			buildActionMask = 2147483647;
			files = (
			);
			inputPaths = (
			);
			name = "[CP] Embed Pods Frameworks";
			outputPaths = (
			);
			runOnlyForDeploymentPostprocessing = 0;
			shellPath = /bin/sh;
			shellScript = "\"${SRCROOT}/Pods/Target Support Files/Pods-PhoneToWatchGesture WatchKit Extension/Pods-PhoneToWatchGesture WatchKit Extension-frameworks.sh\"\n";
			showEnvVarsInLog = 0;
		};
		23309F500C4578A0887BD3E5 /* [CP] Embed Pods Frameworks */ = {
			isa = PBXShellScriptBuildPhase;
			buildActionMask = 2147483647;
			files = (
			);
			inputPaths = (
			);
			name = "[CP] Embed Pods Frameworks";
			outputPaths = (
			);
			runOnlyForDeploymentPostprocessing = 0;
			shellPath = /bin/sh;
			shellScript = "\"${SRCROOT}/Pods/Target Support Files/Pods-PhoneToWatchGesture/Pods-PhoneToWatchGesture-frameworks.sh\"\n";
			showEnvVarsInLog = 0;
		};
		3B9A9FEF7C1E641FC0ED6DA8 /* [CP] Copy Pods Resources */ = {
			isa = PBXShellScriptBuildPhase;
			buildActionMask = 2147483647;
			files = (
			);
			inputPaths = (
			);
			name = "[CP] Copy Pods Resources";
			outputPaths = (
			);
			runOnlyForDeploymentPostprocessing = 0;
			shellPath = /bin/sh;
			shellScript = "\"${SRCROOT}/Pods/Target Support Files/Pods-PhoneToWatchGesture WatchKit App/Pods-PhoneToWatchGesture WatchKit App-resources.sh\"\n";
			showEnvVarsInLog = 0;
		};
		491DB2023984BABC3A70C535 /* [CP] Check Pods Manifest.lock */ = {
			isa = PBXShellScriptBuildPhase;
			buildActionMask = 2147483647;
			files = (
			);
			inputPaths = (
			);
			name = "[CP] Check Pods Manifest.lock";
			outputPaths = (
			);
			runOnlyForDeploymentPostprocessing = 0;
			shellPath = /bin/sh;
			shellScript = "diff \"${PODS_ROOT}/../Podfile.lock\" \"${PODS_ROOT}/Manifest.lock\" > /dev/null\nif [[ $? != 0 ]] ; then\n    cat << EOM\nerror: The sandbox is not in sync with the Podfile.lock. Run 'pod install' or update your CocoaPods installation.\nEOM\n    exit 1\nfi\n";
			showEnvVarsInLog = 0;
		};
		A59F34F4F09B45ABEFD72847 /* [CP] Check Pods Manifest.lock */ = {
			isa = PBXShellScriptBuildPhase;
			buildActionMask = 2147483647;
			files = (
			);
			inputPaths = (
			);
			name = "[CP] Check Pods Manifest.lock";
			outputPaths = (
			);
			runOnlyForDeploymentPostprocessing = 0;
			shellPath = /bin/sh;
			shellScript = "diff \"${PODS_ROOT}/../Podfile.lock\" \"${PODS_ROOT}/Manifest.lock\" > /dev/null\nif [[ $? != 0 ]] ; then\n    cat << EOM\nerror: The sandbox is not in sync with the Podfile.lock. Run 'pod install' or update your CocoaPods installation.\nEOM\n    exit 1\nfi\n";
			showEnvVarsInLog = 0;
		};
		CA49AD3300CDF5ACE3A54462 /* [CP] Copy Pods Resources */ = {
			isa = PBXShellScriptBuildPhase;
			buildActionMask = 2147483647;
			files = (
			);
			inputPaths = (
			);
			name = "[CP] Copy Pods Resources";
			outputPaths = (
			);
			runOnlyForDeploymentPostprocessing = 0;
			shellPath = /bin/sh;
			shellScript = "\"${SRCROOT}/Pods/Target Support Files/Pods-PhoneToWatchGesture WatchKit Extension/Pods-PhoneToWatchGesture WatchKit Extension-resources.sh\"\n";
			showEnvVarsInLog = 0;
		};
		CBFA8129555613B23F86B2DE /* [CP] Check Pods Manifest.lock */ = {
			isa = PBXShellScriptBuildPhase;
			buildActionMask = 2147483647;
			files = (
			);
			inputPaths = (
			);
			name = "[CP] Check Pods Manifest.lock";
			outputPaths = (
			);
			runOnlyForDeploymentPostprocessing = 0;
			shellPath = /bin/sh;
			shellScript = "diff \"${PODS_ROOT}/../Podfile.lock\" \"${PODS_ROOT}/Manifest.lock\" > /dev/null\nif [[ $? != 0 ]] ; then\n    cat << EOM\nerror: The sandbox is not in sync with the Podfile.lock. Run 'pod install' or update your CocoaPods installation.\nEOM\n    exit 1\nfi\n";
			showEnvVarsInLog = 0;
		};
/* End PBXShellScriptBuildPhase section */

/* Begin PBXSourcesBuildPhase section */
		B27895AD1D792FFF0099A96B /* Sources */ = {
			isa = PBXSourcesBuildPhase;
			buildActionMask = 2147483647;
			files = (
				B27895B71D792FFF0099A96B /* ViewController.swift in Sources */,
				B27895B51D792FFF0099A96B /* AppDelegate.swift in Sources */,
			);
			runOnlyForDeploymentPostprocessing = 0;
		};
		B27895CE1D7930000099A96B /* Sources */ = {
			isa = PBXSourcesBuildPhase;
			buildActionMask = 2147483647;
			files = (
				B27895DA1D7930000099A96B /* ExtensionDelegate.swift in Sources */,
				B27895D81D7930000099A96B /* InterfaceController.swift in Sources */,
			);
			runOnlyForDeploymentPostprocessing = 0;
		};
/* End PBXSourcesBuildPhase section */

/* Begin PBXTargetDependency section */
		B27895C61D7930000099A96B /* PBXTargetDependency */ = {
			isa = PBXTargetDependency;
			target = B27895C21D7930000099A96B /* PhoneToWatchGesture WatchKit App */;
			targetProxy = B27895C51D7930000099A96B /* PBXContainerItemProxy */;
		};
		B27895D51D7930000099A96B /* PBXTargetDependency */ = {
			isa = PBXTargetDependency;
			target = B27895D11D7930000099A96B /* PhoneToWatchGesture WatchKit Extension */;
			targetProxy = B27895D41D7930000099A96B /* PBXContainerItemProxy */;
		};
/* End PBXTargetDependency section */

/* Begin PBXVariantGroup section */
		B27895B81D7930000099A96B /* Main.storyboard */ = {
			isa = PBXVariantGroup;
			children = (
				B27895B91D7930000099A96B /* Base */,
			);
			name = Main.storyboard;
			sourceTree = "<group>";
		};
		B27895BD1D7930000099A96B /* LaunchScreen.storyboard */ = {
			isa = PBXVariantGroup;
			children = (
				B27895BE1D7930000099A96B /* Base */,
			);
			name = LaunchScreen.storyboard;
			sourceTree = "<group>";
		};
		B27895C81D7930000099A96B /* Interface.storyboard */ = {
			isa = PBXVariantGroup;
			children = (
				B27895C91D7930000099A96B /* Base */,
			);
			name = Interface.storyboard;
			sourceTree = "<group>";
		};
/* End PBXVariantGroup section */

/* Begin XCBuildConfiguration section */
		B27895DE1D7930000099A96B /* Debug */ = {
			isa = XCBuildConfiguration;
			buildSettings = {
				ALWAYS_SEARCH_USER_PATHS = NO;
				CLANG_ANALYZER_NONNULL = YES;
				CLANG_CXX_LANGUAGE_STANDARD = "gnu++0x";
				CLANG_CXX_LIBRARY = "libc++";
				CLANG_ENABLE_MODULES = YES;
				CLANG_ENABLE_OBJC_ARC = YES;
				CLANG_WARN_BOOL_CONVERSION = YES;
				CLANG_WARN_CONSTANT_CONVERSION = YES;
				CLANG_WARN_DIRECT_OBJC_ISA_USAGE = YES_ERROR;
				CLANG_WARN_EMPTY_BODY = YES;
				CLANG_WARN_ENUM_CONVERSION = YES;
				CLANG_WARN_INT_CONVERSION = YES;
				CLANG_WARN_OBJC_ROOT_CLASS = YES_ERROR;
				CLANG_WARN_UNREACHABLE_CODE = YES;
				CLANG_WARN__DUPLICATE_METHOD_MATCH = YES;
				"CODE_SIGN_IDENTITY[sdk=iphoneos*]" = "iPhone Developer";
				COPY_PHASE_STRIP = NO;
				DEBUG_INFORMATION_FORMAT = dwarf;
				ENABLE_STRICT_OBJC_MSGSEND = YES;
				ENABLE_TESTABILITY = YES;
				GCC_C_LANGUAGE_STANDARD = gnu99;
				GCC_DYNAMIC_NO_PIC = NO;
				GCC_NO_COMMON_BLOCKS = YES;
				GCC_OPTIMIZATION_LEVEL = 0;
				GCC_PREPROCESSOR_DEFINITIONS = (
					"DEBUG=1",
					"$(inherited)",
				);
				GCC_WARN_64_TO_32_BIT_CONVERSION = YES;
				GCC_WARN_ABOUT_RETURN_TYPE = YES_ERROR;
				GCC_WARN_UNDECLARED_SELECTOR = YES;
				GCC_WARN_UNINITIALIZED_AUTOS = YES_AGGRESSIVE;
				GCC_WARN_UNUSED_FUNCTION = YES;
				GCC_WARN_UNUSED_VARIABLE = YES;
				IPHONEOS_DEPLOYMENT_TARGET = 9.3;
				MTL_ENABLE_DEBUG_INFO = YES;
				ONLY_ACTIVE_ARCH = YES;
				SDKROOT = iphoneos;
				SWIFT_OPTIMIZATION_LEVEL = "-Onone";
				TARGETED_DEVICE_FAMILY = "1,2";
			};
			name = Debug;
		};
		B27895DF1D7930000099A96B /* Release */ = {
			isa = XCBuildConfiguration;
			buildSettings = {
				ALWAYS_SEARCH_USER_PATHS = NO;
				CLANG_ANALYZER_NONNULL = YES;
				CLANG_CXX_LANGUAGE_STANDARD = "gnu++0x";
				CLANG_CXX_LIBRARY = "libc++";
				CLANG_ENABLE_MODULES = YES;
				CLANG_ENABLE_OBJC_ARC = YES;
				CLANG_WARN_BOOL_CONVERSION = YES;
				CLANG_WARN_CONSTANT_CONVERSION = YES;
				CLANG_WARN_DIRECT_OBJC_ISA_USAGE = YES_ERROR;
				CLANG_WARN_EMPTY_BODY = YES;
				CLANG_WARN_ENUM_CONVERSION = YES;
				CLANG_WARN_INT_CONVERSION = YES;
				CLANG_WARN_OBJC_ROOT_CLASS = YES_ERROR;
				CLANG_WARN_UNREACHABLE_CODE = YES;
				CLANG_WARN__DUPLICATE_METHOD_MATCH = YES;
				"CODE_SIGN_IDENTITY[sdk=iphoneos*]" = "iPhone Developer";
				COPY_PHASE_STRIP = NO;
				DEBUG_INFORMATION_FORMAT = "dwarf-with-dsym";
				ENABLE_NS_ASSERTIONS = NO;
				ENABLE_STRICT_OBJC_MSGSEND = YES;
				GCC_C_LANGUAGE_STANDARD = gnu99;
				GCC_NO_COMMON_BLOCKS = YES;
				GCC_WARN_64_TO_32_BIT_CONVERSION = YES;
				GCC_WARN_ABOUT_RETURN_TYPE = YES_ERROR;
				GCC_WARN_UNDECLARED_SELECTOR = YES;
				GCC_WARN_UNINITIALIZED_AUTOS = YES_AGGRESSIVE;
				GCC_WARN_UNUSED_FUNCTION = YES;
				GCC_WARN_UNUSED_VARIABLE = YES;
				IPHONEOS_DEPLOYMENT_TARGET = 9.3;
				MTL_ENABLE_DEBUG_INFO = NO;
				SDKROOT = iphoneos;
				TARGETED_DEVICE_FAMILY = "1,2";
				VALIDATE_PRODUCT = YES;
			};
			name = Release;
		};
		B27895E11D7930000099A96B /* Debug */ = {
			isa = XCBuildConfiguration;
			baseConfigurationReference = 3329460BCB778DD66677B785 /* Pods-PhoneToWatchGesture WatchKit Extension.debug.xcconfig */;
			buildSettings = {
				INFOPLIST_FILE = "PhoneToWatchGesture WatchKit Extension/Info.plist";
				LD_RUNPATH_SEARCH_PATHS = "$(inherited) @executable_path/Frameworks @executable_path/../../Frameworks";
				PRODUCT_BUNDLE_IDENTIFIER = com.derivative.PhoneToWatchGesture.watchkitapp.watchkitextension;
				PRODUCT_NAME = "${TARGET_NAME}";
				SDKROOT = watchos;
				SKIP_INSTALL = YES;
				TARGETED_DEVICE_FAMILY = 4;
				WATCHOS_DEPLOYMENT_TARGET = 2.2;
			};
			name = Debug;
		};
		B27895E21D7930000099A96B /* Release */ = {
			isa = XCBuildConfiguration;
			baseConfigurationReference = EE66DAB8BEA97601B0C354EB /* Pods-PhoneToWatchGesture WatchKit Extension.release.xcconfig */;
			buildSettings = {
				INFOPLIST_FILE = "PhoneToWatchGesture WatchKit Extension/Info.plist";
				LD_RUNPATH_SEARCH_PATHS = "$(inherited) @executable_path/Frameworks @executable_path/../../Frameworks";
				PRODUCT_BUNDLE_IDENTIFIER = com.derivative.PhoneToWatchGesture.watchkitapp.watchkitextension;
				PRODUCT_NAME = "${TARGET_NAME}";
				SDKROOT = watchos;
				SKIP_INSTALL = YES;
				TARGETED_DEVICE_FAMILY = 4;
				WATCHOS_DEPLOYMENT_TARGET = 2.2;
			};
			name = Release;
		};
		B27895E51D7930000099A96B /* Debug */ = {
			isa = XCBuildConfiguration;
			baseConfigurationReference = 2FCAA93842AEB533C81C482F /* Pods-PhoneToWatchGesture WatchKit App.debug.xcconfig */;
			buildSettings = {
				ASSETCATALOG_COMPILER_APPICON_NAME = AppIcon;
				EMBEDDED_CONTENT_CONTAINS_SWIFT = YES;
				IBSC_MODULE = PhoneToWatchGesture_WatchKit_Extension;
				INFOPLIST_FILE = "PhoneToWatchGesture WatchKit App/Info.plist";
				PRODUCT_BUNDLE_IDENTIFIER = com.derivative.PhoneToWatchGesture.watchkitapp;
				PRODUCT_NAME = "$(TARGET_NAME)";
				SDKROOT = watchos;
				SKIP_INSTALL = YES;
				TARGETED_DEVICE_FAMILY = 4;
				WATCHOS_DEPLOYMENT_TARGET = 2.2;
			};
			name = Debug;
		};
		B27895E61D7930000099A96B /* Release */ = {
			isa = XCBuildConfiguration;
			baseConfigurationReference = 0D08D7ED3639389F36602BEB /* Pods-PhoneToWatchGesture WatchKit App.release.xcconfig */;
			buildSettings = {
				ASSETCATALOG_COMPILER_APPICON_NAME = AppIcon;
				EMBEDDED_CONTENT_CONTAINS_SWIFT = YES;
				IBSC_MODULE = PhoneToWatchGesture_WatchKit_Extension;
				INFOPLIST_FILE = "PhoneToWatchGesture WatchKit App/Info.plist";
				PRODUCT_BUNDLE_IDENTIFIER = com.derivative.PhoneToWatchGesture.watchkitapp;
				PRODUCT_NAME = "$(TARGET_NAME)";
				SDKROOT = watchos;
				SKIP_INSTALL = YES;
				TARGETED_DEVICE_FAMILY = 4;
				WATCHOS_DEPLOYMENT_TARGET = 2.2;
			};
			name = Release;
		};
		B27895E91D7930000099A96B /* Debug */ = {
			isa = XCBuildConfiguration;
			baseConfigurationReference = 73C983B3E86AC985D36C7F0F /* Pods-PhoneToWatchGesture.debug.xcconfig */;
			buildSettings = {
				ASSETCATALOG_COMPILER_APPICON_NAME = AppIcon;
				INFOPLIST_FILE = PhoneToWatchGesture/Info.plist;
				LD_RUNPATH_SEARCH_PATHS = "$(inherited) @executable_path/Frameworks";
				PRODUCT_BUNDLE_IDENTIFIER = com.derivative.PhoneToWatchGesture;
				PRODUCT_NAME = "$(TARGET_NAME)";
			};
			name = Debug;
		};
		B27895EA1D7930000099A96B /* Release */ = {
			isa = XCBuildConfiguration;
			baseConfigurationReference = D169A9AF87DD96729C380E80 /* Pods-PhoneToWatchGesture.release.xcconfig */;
			buildSettings = {
				ASSETCATALOG_COMPILER_APPICON_NAME = AppIcon;
				INFOPLIST_FILE = PhoneToWatchGesture/Info.plist;
				LD_RUNPATH_SEARCH_PATHS = "$(inherited) @executable_path/Frameworks";
				PRODUCT_BUNDLE_IDENTIFIER = com.derivative.PhoneToWatchGesture;
				PRODUCT_NAME = "$(TARGET_NAME)";
			};
			name = Release;
		};
/* End XCBuildConfiguration section */

/* Begin XCConfigurationList section */
		B27895AC1D792FFF0099A96B /* Build configuration list for PBXProject "PhoneToWatchGesture" */ = {
			isa = XCConfigurationList;
			buildConfigurations = (
				B27895DE1D7930000099A96B /* Debug */,
				B27895DF1D7930000099A96B /* Release */,
			);
			defaultConfigurationIsVisible = 0;
			defaultConfigurationName = Release;
		};
		B27895E01D7930000099A96B /* Build configuration list for PBXNativeTarget "PhoneToWatchGesture WatchKit Extension" */ = {
			isa = XCConfigurationList;
			buildConfigurations = (
				B27895E11D7930000099A96B /* Debug */,
				B27895E21D7930000099A96B /* Release */,
			);
			defaultConfigurationIsVisible = 0;
			defaultConfigurationName = Release;
		};
		B27895E41D7930000099A96B /* Build configuration list for PBXNativeTarget "PhoneToWatchGesture WatchKit App" */ = {
			isa = XCConfigurationList;
			buildConfigurations = (
				B27895E51D7930000099A96B /* Debug */,
				B27895E61D7930000099A96B /* Release */,
			);
			defaultConfigurationIsVisible = 0;
			defaultConfigurationName = Release;
		};
		B27895E81D7930000099A96B /* Build configuration list for PBXNativeTarget "PhoneToWatchGesture" */ = {
			isa = XCConfigurationList;
			buildConfigurations = (
				B27895E91D7930000099A96B /* Debug */,
				B27895EA1D7930000099A96B /* Release */,
			);
			defaultConfigurationIsVisible = 0;
			defaultConfigurationName = Release;
		};
/* End XCConfigurationList section */
	};
	rootObject = B27895A91D792FFF0099A96B /* Project object */;
}
